
Microsoft Visual Studio Solution File, Format Version 12.00
# Visual Studio Version 17
VisualStudioVersion = 17.14.36109.1 d17.14
MinimumVisualStudioVersion = 10.0.40219.1
Project("{FAE04EC0-301F-11D3-BF4B-00C04F79EFBC}") = "dotnet-nerdover", "dotnet-nerdover.csproj", "{19BD6B3F-FBBD-E626-F5B8-32952C4EAF97}"
EndProject
Global
	GlobalSection(SolutionConfigurationPlatforms) = preSolution
		Debug|Any CPU = Debug|Any CPU
		Release|Any CPU = Release|Any CPU
	EndGlobalSection
	GlobalSection(ProjectConfigurationPlatforms) = postSolution
		{19BD6B3F-FBBD-E626-F5B8-32952C4EAF97}.Debug|Any CPU.ActiveCfg = Debug|Any CPU
		{19BD6B3F-FBBD-E626-F5B8-32952C4EAF97}.Debug|Any CPU.Build.0 = Debug|Any CPU
		{19BD6B3F-FBBD-E626-F5B8-32952C4EAF97}.Release|Any CPU.ActiveCfg = Release|Any CPU
		{19BD6B3F-FBBD-E626-F5B8-32952C4EAF97}.Release|Any CPU.Build.0 = Release|Any CPU
	EndGlobalSection
	GlobalSection(SolutionProperties) = preSolution
		HideSolutionNode = FALSE
	EndGlobalSection
	GlobalSection(ExtensibilityGlobals) = postSolution
		SolutionGuid = {412EAE28-7D86-4200-9A86-F6C3DC5BB81D}
	EndGlobalSection
EndGlobal
